// !$*UTF8*$!
{
	archiveVersion = 1;
	classes = {
	};
	objectVersion = 50;
	objects = {

/* Begin PBXBuildFile section */
		8C998E9B2449E21D0020BB26 /* MathExtensions.swift in Sources */ = {isa = PBXBuildFile; fileRef = 8C998E9A2449E21D0020BB26 /* MathExtensions.swift */; };
		8CF3339124477C380054958D /* AppDelegate.swift in Sources */ = {isa = PBXBuildFile; fileRef = 8CF3339024477C380054958D /* AppDelegate.swift */; };
		8CF3339324477C380054958D /* SceneDelegate.swift in Sources */ = {isa = PBXBuildFile; fileRef = 8CF3339224477C380054958D /* SceneDelegate.swift */; };
		8CF3339524477C380054958D /* ContentView.swift in Sources */ = {isa = PBXBuildFile; fileRef = 8CF3339424477C380054958D /* ContentView.swift */; };
		8CF3339724477C3E0054958D /* Assets.xcassets in Resources */ = {isa = PBXBuildFile; fileRef = 8CF3339624477C3E0054958D /* Assets.xcassets */; };
		8CF3339A24477C3E0054958D /* Preview Assets.xcassets in Resources */ = {isa = PBXBuildFile; fileRef = 8CF3339924477C3E0054958D /* Preview Assets.xcassets */; };
		8CF3339D24477C3E0054958D /* LaunchScreen.storyboard in Resources */ = {isa = PBXBuildFile; fileRef = 8CF3339B24477C3E0054958D /* LaunchScreen.storyboard */; };
		8CF333A524477FCE0054958D /* Synth.swift in Sources */ = {isa = PBXBuildFile; fileRef = 8CF333A424477FCE0054958D /* Synth.swift */; };
/* End PBXBuildFile section */

/* Begin PBXFileReference section */
		8C998E9A2449E21D0020BB26 /* MathExtensions.swift */ = {isa = PBXFileReference; fileEncoding = 4; lastKnownFileType = sourcecode.swift; path = MathExtensions.swift; sourceTree = "<group>"; };
		8CF3338D24477C380054958D /* Useless_Synth.app */ = {isa = PBXFileReference; explicitFileType = wrapper.application; includeInIndex = 0; path = Useless_Synth.app; sourceTree = BUILT_PRODUCTS_DIR; };
		8CF3339024477C380054958D /* AppDelegate.swift */ = {isa = PBXFileReference; lastKnownFileType = sourcecode.swift; path = AppDelegate.swift; sourceTree = "<group>"; };
		8CF3339224477C380054958D /* SceneDelegate.swift */ = {isa = PBXFileReference; lastKnownFileType = sourcecode.swift; path = SceneDelegate.swift; sourceTree = "<group>"; };
		8CF3339424477C380054958D /* ContentView.swift */ = {isa = PBXFileReference; lastKnownFileType = sourcecode.swift; path = ContentView.swift; sourceTree = "<group>"; };
		8CF3339624477C3E0054958D /* Assets.xcassets */ = {isa = PBXFileReference; lastKnownFileType = folder.assetcatalog; path = Assets.xcassets; sourceTree = "<group>"; };
		8CF3339924477C3E0054958D /* Preview Assets.xcassets */ = {isa = PBXFileReference; lastKnownFileType = folder.assetcatalog; path = "Preview Assets.xcassets"; sourceTree = "<group>"; };
		8CF3339C24477C3E0054958D /* Base */ = {isa = PBXFileReference; lastKnownFileType = file.storyboard; name = Base; path = Base.lproj/LaunchScreen.storyboard; sourceTree = "<group>"; };
		8CF3339E24477C3E0054958D /* Info.plist */ = {isa = PBXFileReference; lastKnownFileType = text.plist.xml; path = Info.plist; sourceTree = "<group>"; };
		8CF333A424477FCE0054958D /* Synth.swift */ = {isa = PBXFileReference; lastKnownFileType = sourcecode.swift; path = Synth.swift; sourceTree = "<group>"; };
/* End PBXFileReference section */

/* Begin PBXFrameworksBuildPhase section */
		8CF3338A24477C380054958D /* Frameworks */ = {
			isa = PBXFrameworksBuildPhase;
			buildActionMask = 2147483647;
			files = (
			);
			runOnlyForDeploymentPostprocessing = 0;
		};
/* End PBXFrameworksBuildPhase section */

/* Begin PBXGroup section */
		8CF3338424477C380054958D = {
			isa = PBXGroup;
			children = (
				8CF3338F24477C380054958D /* Useless_Synth */,
				8CF3338E24477C380054958D /* Products */,
			);
			sourceTree = "<group>";
		};
		8CF3338E24477C380054958D /* Products */ = {
			isa = PBXGroup;
			children = (
				8CF3338D24477C380054958D /* Useless_Synth.app */,
			);
			name = Products;
			sourceTree = "<group>";
		};
		8CF3338F24477C380054958D /* Useless_Synth */ = {
			isa = PBXGroup;
			children = (
				8CF3339024477C380054958D /* AppDelegate.swift */,
				8CF3339224477C380054958D /* SceneDelegate.swift */,
				8CF333A424477FCE0054958D /* Synth.swift */,
				8C998E9A2449E21D0020BB26 /* MathExtensions.swift */,
				8CF3339424477C380054958D /* ContentView.swift */,
				8CF3339624477C3E0054958D /* Assets.xcassets */,
				8CF3339B24477C3E0054958D /* LaunchScreen.storyboard */,
				8CF3339E24477C3E0054958D /* Info.plist */,
				8CF3339824477C3E0054958D /* Preview Content */,
			);
			path = Useless_Synth;
			sourceTree = "<group>";
		};
		8CF3339824477C3E0054958D /* Preview Content */ = {
			isa = PBXGroup;
			children = (
				8CF3339924477C3E0054958D /* Preview Assets.xcassets */,
			);
			path = "Preview Content";
			sourceTree = "<group>";
		};
/* End PBXGroup section */

/* Begin PBXNativeTarget section */
		8CF3338C24477C380054958D /* Useless_Synth */ = {
			isa = PBXNativeTarget;
			buildConfigurationList = 8CF333A124477C3E0054958D /* Build configuration list for PBXNativeTarget "Useless_Synth" */;
			buildPhases = (
				8CF3338924477C380054958D /* Sources */,
				8CF3338A24477C380054958D /* Frameworks */,
				8CF3338B24477C380054958D /* Resources */,
			);
			buildRules = (
			);
			dependencies = (
			);
			name = Useless_Synth;
			productName = Useless_Synth;
			productReference = 8CF3338D24477C380054958D /* Useless_Synth.app */;
			productType = "com.apple.product-type.application";
		};
/* End PBXNativeTarget section */

/* Begin PBXProject section */
		8CF3338524477C380054958D /* Project object */ = {
			isa = PBXProject;
			attributes = {
				LastSwiftUpdateCheck = 1140;
				LastUpgradeCheck = 1140;
				ORGANIZATIONNAME = "Alex Nascimento";
				TargetAttributes = {
					8CF3338C24477C380054958D = {
						CreatedOnToolsVersion = 11.4;
					};
				};
			};
			buildConfigurationList = 8CF3338824477C380054958D /* Build configuration list for PBXProject "Useless_Synth" */;
			compatibilityVersion = "Xcode 9.3";
			developmentRegion = en;
			hasScannedForEncodings = 0;
			knownRegions = (
				en,
				Base,
			);
			mainGroup = 8CF3338424477C380054958D;
			productRefGroup = 8CF3338E24477C380054958D /* Products */;
			projectDirPath = "";
			projectRoot = "";
			targets = (
				8CF3338C24477C380054958D /* Useless_Synth */,
			);
		};
/* End PBXProject section */

/* Begin PBXResourcesBuildPhase section */
		8CF3338B24477C380054958D /* Resources */ = {
			isa = PBXResourcesBuildPhase;
			buildActionMask = 2147483647;
			files = (
				8CF3339D24477C3E0054958D /* LaunchScreen.storyboard in Resources */,
				8CF3339A24477C3E0054958D /* Preview Assets.xcassets in Resources */,
				8CF3339724477C3E0054958D /* Assets.xcassets in Resources */,
			);
			runOnlyForDeploymentPostprocessing = 0;
		};
/* End PBXResourcesBuildPhase section */

/* Begin PBXSourcesBuildPhase section */
		8CF3338924477C380054958D /* Sources */ = {
			isa = PBXSourcesBuildPhase;
			buildActionMask = 2147483647;
			files = (
				8CF333A524477FCE0054958D /* Synth.swift in Sources */,
				8CF3339124477C380054958D /* AppDelegate.swift in Sources */,
				8CF3339324477C380054958D /* SceneDelegate.swift in Sources */,
				8CF3339524477C380054958D /* ContentView.swift in Sources */,
				8C998E9B2449E21D0020BB26 /* MathExtensions.swift in Sources */,
			);
			runOnlyForDeploymentPostprocessing = 0;
		};
/* End PBXSourcesBuildPhase section */

/* Begin PBXVariantGroup section */
		8CF3339B24477C3E0054958D /* LaunchScreen.storyboard */ = {
			isa = PBXVariantGroup;
			children = (
				8CF3339C24477C3E0054958D /* Base */,
			);
			name = LaunchScreen.storyboard;
			sourceTree = "<group>";
		};
/* End PBXVariantGroup section */

/* Begin XCBuildConfiguration section */
		8CF3339F24477C3E0054958D /* Debug */ = {
			isa = XCBuildConfiguration;
			buildSettings = {
				ALWAYS_SEARCH_USER_PATHS = NO;
				CLANG_ANALYZER_NONNULL = YES;
				CLANG_ANALYZER_NUMBER_OBJECT_CONVERSION = YES_AGGRESSIVE;
				CLANG_CXX_LANGUAGE_STANDARD = "gnu++14";
				CLANG_CXX_LIBRARY = "libc++";
				CLANG_ENABLE_MODULES = YES;
				CLANG_ENABLE_OBJC_ARC = YES;
				CLANG_ENABLE_OBJC_WEAK = YES;
				CLANG_WARN_BLOCK_CAPTURE_AUTORELEASING = YES;
				CLANG_WARN_BOOL_CONVERSION = YES;
				CLANG_WARN_COMMA = YES;
				CLANG_WARN_CONSTANT_CONVERSION = YES;
				CLANG_WARN_DEPRECATED_OBJC_IMPLEMENTATIONS = YES;
				CLANG_WARN_DIRECT_OBJC_ISA_USAGE = YES_ERROR;
				CLANG_WARN_DOCUMENTATION_COMMENTS = YES;
				CLANG_WARN_EMPTY_BODY = YES;
				CLANG_WARN_ENUM_CONVERSION = YES;
				CLANG_WARN_INFINITE_RECURSION = YES;
				CLANG_WARN_INT_CONVERSION = YES;
				CLANG_WARN_NON_LITERAL_NULL_CONVERSION = YES;
				CLANG_WARN_OBJC_IMPLICIT_RETAIN_SELF = YES;
				CLANG_WARN_OBJC_LITERAL_CONVERSION = YES;
				CLANG_WARN_OBJC_ROOT_CLASS = YES_ERROR;
				CLANG_WARN_RANGE_LOOP_ANALYSIS = YES;
				CLANG_WARN_STRICT_PROTOTYPES = YES;
				CLANG_WARN_SUSPICIOUS_MOVE = YES;
				CLANG_WARN_UNGUARDED_AVAILABILITY = YES_AGGRESSIVE;
				CLANG_WARN_UNREACHABLE_CODE = YES;
				CLANG_WARN__DUPLICATE_METHOD_MATCH = YES;
				COPY_PHASE_STRIP = NO;
				DEBUG_INFORMATION_FORMAT = dwarf;
				ENABLE_STRICT_OBJC_MSGSEND = YES;
				ENABLE_TESTABILITY = YES;
				GCC_C_LANGUAGE_STANDARD = gnu11;
				GCC_DYNAMIC_NO_PIC = NO;
				GCC_NO_COMMON_BLOCKS = YES;
				GCC_OPTIMIZATION_LEVEL = 0;
				GCC_PREPROCESSOR_DEFINITIONS = (
					"DEBUG=1",
					"$(inherited)",
				);
				GCC_WARN_64_TO_32_BIT_CONVERSION = YES;
				GCC_WARN_ABOUT_RETURN_TYPE = YES_ERROR;
				GCC_WARN_UNDECLARED_SELECTOR = YES;
				GCC_WARN_UNINITIALIZED_AUTOS = YES_AGGRESSIVE;
				GCC_WARN_UNUSED_FUNCTION = YES;
				GCC_WARN_UNUSED_VARIABLE = YES;
				IPHONEOS_DEPLOYMENT_TARGET = 13.4;
				MTL_ENABLE_DEBUG_INFO = INCLUDE_SOURCE;
				MTL_FAST_MATH = YES;
				ONLY_ACTIVE_ARCH = YES;
				SDKROOT = iphoneos;
				SWIFT_ACTIVE_COMPILATION_CONDITIONS = DEBUG;
				SWIFT_OPTIMIZATION_LEVEL = "-Onone";
			};
			name = Debug;
		};
		8CF333A024477C3E0054958D /* Release */ = {
			isa = XCBuildConfiguration;
			buildSettings = {
				ALWAYS_SEARCH_USER_PATHS = NO;
				CLANG_ANALYZER_NONNULL = YES;
				CLANG_ANALYZER_NUMBER_OBJECT_CONVERSION = YES_AGGRESSIVE;
				CLANG_CXX_LANGUAGE_STANDARD = "gnu++14";
				CLANG_CXX_LIBRARY = "libc++";
				CLANG_ENABLE_MODULES = YES;
				CLANG_ENABLE_OBJC_ARC = YES;
				CLANG_ENABLE_OBJC_WEAK = YES;
				CLANG_WARN_BLOCK_CAPTURE_AUTORELEASING = YES;
				CLANG_WARN_BOOL_CONVERSION = YES;
				CLANG_WARN_COMMA = YES;
				CLANG_WARN_CONSTANT_CONVERSION = YES;
				CLANG_WARN_DEPRECATED_OBJC_IMPLEMENTATIONS = YES;
				CLANG_WARN_DIRECT_OBJC_ISA_USAGE = YES_ERROR;
				CLANG_WARN_DOCUMENTATION_COMMENTS = YES;
				CLANG_WARN_EMPTY_BODY = YES;
				CLANG_WARN_ENUM_CONVERSION = YES;
				CLANG_WARN_INFINITE_RECURSION = YES;
				CLANG_WARN_INT_CONVERSION = YES;
				CLANG_WARN_NON_LITERAL_NULL_CONVERSION = YES;
				CLANG_WARN_OBJC_IMPLICIT_RETAIN_SELF = YES;
				CLANG_WARN_OBJC_LITERAL_CONVERSION = YES;
				CLANG_WARN_OBJC_ROOT_CLASS = YES_ERROR;
				CLANG_WARN_RANGE_LOOP_ANALYSIS = YES;
				CLANG_WARN_STRICT_PROTOTYPES = YES;
				CLANG_WARN_SUSPICIOUS_MOVE = YES;
				CLANG_WARN_UNGUARDED_AVAILABILITY = YES_AGGRESSIVE;
				CLANG_WARN_UNREACHABLE_CODE = YES;
				CLANG_WARN__DUPLICATE_METHOD_MATCH = YES;
				COPY_PHASE_STRIP = NO;
				DEBUG_INFORMATION_FORMAT = "dwarf-with-dsym";
				ENABLE_NS_ASSERTIONS = NO;
				ENABLE_STRICT_OBJC_MSGSEND = YES;
				GCC_C_LANGUAGE_STANDARD = gnu11;
				GCC_NO_COMMON_BLOCKS = YES;
				GCC_WARN_64_TO_32_BIT_CONVERSION = YES;
				GCC_WARN_ABOUT_RETURN_TYPE = YES_ERROR;
				GCC_WARN_UNDECLARED_SELECTOR = YES;
				GCC_WARN_UNINITIALIZED_AUTOS = YES_AGGRESSIVE;
				GCC_WARN_UNUSED_FUNCTION = YES;
				GCC_WARN_UNUSED_VARIABLE = YES;
				IPHONEOS_DEPLOYMENT_TARGET = 13.4;
				MTL_ENABLE_DEBUG_INFO = NO;
				MTL_FAST_MATH = YES;
				SDKROOT = iphoneos;
				SWIFT_COMPILATION_MODE = wholemodule;
				SWIFT_OPTIMIZATION_LEVEL = "-O";
				VALIDATE_PRODUCT = YES;
			};
			name = Release;
		};
		8CF333A224477C3E0054958D /* Debug */ = {
			isa = XCBuildConfiguration;
			buildSettings = {
				ASSETCATALOG_COMPILER_APPICON_NAME = AppIcon;
				CODE_SIGN_STYLE = Automatic;
				DEVELOPMENT_ASSET_PATHS = "\"Useless_Synth/Preview Content\"";
				DEVELOPMENT_TEAM = PVKHG959FC;
				ENABLE_PREVIEWS = YES;
				INFOPLIST_FILE = Useless_Synth/Info.plist;
				LD_RUNPATH_SEARCH_PATHS = (
					"$(inherited)",
					"@executable_path/Frameworks",
				);
				PRODUCT_BUNDLE_IDENTIFIER = "AlexNascimento.Useless-Synth";
				PRODUCT_NAME = "$(TARGET_NAME)";
				SWIFT_VERSION = 5.0;
				TARGETED_DEVICE_FAMILY = "1,2";
			};
			name = Debug;
		};
		8CF333A324477C3E0054958D /* Release */ = {
			isa = XCBuildConfiguration;
			buildSettings = {
				ASSETCATALOG_COMPILER_APPICON_NAME = AppIcon;
				CODE_SIGN_STYLE = Automatic;
				DEVELOPMENT_ASSET_PATHS = "\"Useless_Synth/Preview Content\"";
				DEVELOPMENT_TEAM = PVKHG959FC;
				ENABLE_PREVIEWS = YES;
				INFOPLIST_FILE = Useless_Synth/Info.plist;
				LD_RUNPATH_SEARCH_PATHS = (
					"$(inherited)",
					"@executable_path/Frameworks",
				);
				PRODUCT_BUNDLE_IDENTIFIER = "AlexNascimento.Useless-Synth";
				PRODUCT_NAME = "$(TARGET_NAME)";
				SWIFT_VERSION = 5.0;
				TARGETED_DEVICE_FAMILY = "1,2";
			};
			name = Release;
		};
/* End XCBuildConfiguration section */

/* Begin XCConfigurationList section */
		8CF3338824477C380054958D /* Build configuration list for PBXProject "Useless_Synth" */ = {
			isa = XCConfigurationList;
			buildConfigurations = (
				8CF3339F24477C3E0054958D /* Debug */,
				8CF333A024477C3E0054958D /* Release */,
			);
			defaultConfigurationIsVisible = 0;
			defaultConfigurationName = Release;
		};
		8CF333A124477C3E0054958D /* Build configuration list for PBXNativeTarget "Useless_Synth" */ = {
			isa = XCConfigurationList;
			buildConfigurations = (
				8CF333A224477C3E0054958D /* Debug */,
				8CF333A324477C3E0054958D /* Release */,
			);
			defaultConfigurationIsVisible = 0;
			defaultConfigurationName = Release;
		};
/* End XCConfigurationList section */
	};
	rootObject = 8CF3338524477C380054958D /* Project object */;
}
